
Microsoft Visual Studio Solution File, Format Version 12.00
# Visual Studio Version 16
VisualStudioVersion = 16.0.30907.101
MinimumVisualStudioVersion = 10.0.40219.1
Project("{FAE04EC0-301F-11D3-BF4B-00C04F79EFBC}") = "MvcProje", "MvcProje\MvcProje.csproj", "{2253E2C3-FA1B-4BAD-8B79-600215DE31DD}"
EndProject
Global
	GlobalSection(SolutionConfigurationPlatforms) = preSolution
		Debug|Any CPU = Debug|Any CPU
		Release|Any CPU = Release|Any CPU
	EndGlobalSection
	GlobalSection(ProjectConfigurationPlatforms) = postSolution
		{2253E2C3-FA1B-4BAD-8B79-600215DE31DD}.Debug|Any CPU.ActiveCfg = Debug|Any CPU
		{2253E2C3-FA1B-4BAD-8B79-600215DE31DD}.Debug|Any CPU.Build.0 = Debug|Any CPU
		{2253E2C3-FA1B-4BAD-8B79-600215DE31DD}.Release|Any CPU.ActiveCfg = Release|Any CPU
		{2253E2C3-FA1B-4BAD-8B79-600215DE31DD}.Release|Any CPU.Build.0 = Release|Any CPU
	EndGlobalSection
	GlobalSection(SolutionProperties) = preSolution
		HideSolutionNode = FALSE
	EndGlobalSection
	GlobalSection(ExtensibilityGlobals) = postSolution
		SolutionGuid = {CC38E181-9951-40A6-807B-3D7D2DDFFE99}
	EndGlobalSection
EndGlobal
